
Microsoft Visual Studio Solution File, Format Version 12.00
# Visual Studio Version 16
VisualStudioVersion = 16.0.31025.194
MinimumVisualStudioVersion = 10.0.40219.1
Project("{FAE04EC0-301F-11D3-BF4B-00C04F79EFBC}") = "AlibreConsoleApp", "AlibreConsoleApp\AlibreConsoleApp.csproj", "{6B4C7AF5-49B4-4683-981E-49155A98FE69}"
EndProject
Global
	GlobalSection(SolutionConfigurationPlatforms) = preSolution
		Debug|Any CPU = Debug|Any CPU
		Release|Any CPU = Release|Any CPU
	EndGlobalSection
	GlobalSection(ProjectConfigurationPlatforms) = postSolution
		{6B4C7AF5-49B4-4683-981E-49155A98FE69}.Debug|Any CPU.ActiveCfg = Debug|Any CPU
		{6B4C7AF5-49B4-4683-981E-49155A98FE69}.Debug|Any CPU.Build.0 = Debug|Any CPU
		{6B4C7AF5-49B4-4683-981E-49155A98FE69}.Release|Any CPU.ActiveCfg = Release|Any CPU
		{6B4C7AF5-49B4-4683-981E-49155A98FE69}.Release|Any CPU.Build.0 = Release|Any CPU
	EndGlobalSection
	GlobalSection(SolutionProperties) = preSolution
		HideSolutionNode = FALSE
	EndGlobalSection
	GlobalSection(ExtensibilityGlobals) = postSolution
		SolutionGuid = {6EF420BA-26EF-4B29-A302-78BEB475060E}
	EndGlobalSection
EndGlobal
